{
  "name": "ui",
  "version": "0.1.0",
  "lockfileVersion": 1,
  "requires": true,
  "dependencies": {
    "vue-select": {
      "version": "2.4.0",
      "resolved": "https://registry.npmjs.org/vue-select/-/vue-select-2.4.0.tgz",
      "integrity": "sha512-WxQc7t65ht3YSwSgcSdHFU8cSOWKpvH6n1B/Z9ua44hMB2oVcy0Mieu4qjMPrYx3AQQ8Y8F+pfNIylRZ0t3IVA=="
    }
  }
}
